
Microsoft Visual Studio Solution File, Format Version 12.00
# Visual Studio 15
VisualStudioVersion = 15.0.27703.2047
MinimumVisualStudioVersion = 10.0.40219.1
Project("{FAE04EC0-301F-11D3-BF4B-00C04F79EFBC}") = "PictureViewer", "PictureViewer\PictureViewer.csproj", "{80C7294B-1316-4BC0-8DEB-C60A6D7BA4A8}"
EndProject
Global
	GlobalSection(SolutionConfigurationPlatforms) = preSolution
		Debug|Any CPU = Debug|Any CPU
		Release|Any CPU = Release|Any CPU
	EndGlobalSection
	GlobalSection(ProjectConfigurationPlatforms) = postSolution
		{80C7294B-1316-4BC0-8DEB-C60A6D7BA4A8}.Debug|Any CPU.ActiveCfg = Debug|Any CPU
		{80C7294B-1316-4BC0-8DEB-C60A6D7BA4A8}.Debug|Any CPU.Build.0 = Debug|Any CPU
		{80C7294B-1316-4BC0-8DEB-C60A6D7BA4A8}.Release|Any CPU.ActiveCfg = Release|Any CPU
		{80C7294B-1316-4BC0-8DEB-C60A6D7BA4A8}.Release|Any CPU.Build.0 = Release|Any CPU
	EndGlobalSection
	GlobalSection(SolutionProperties) = preSolution
		HideSolutionNode = FALSE
	EndGlobalSection
	GlobalSection(ExtensibilityGlobals) = postSolution
		SolutionGuid = {A1C5518A-F362-49B6-80EC-5F7DE297B5BF}
	EndGlobalSection
EndGlobal
